{
  "name": "npm-test",
  "version": "1.0.0",
  "lockfileVersion": 1,
  "requires": true,
  "dependencies": {
    "skypro-my-name-log": {
      "version": "1.0.0",
      "resolved": "https://registry.npmjs.org/skypro-my-name-log/-/skypro-my-name-log-1.0.0.tgz",
      "integrity": "sha512-skmG2ZiWiyhamhf7Z8rVxPg1CTuF/++z6abUWjOESJh3FMQNdxbWo1IAj4z02pw5oxRAV0MGeeKqJw4WqS3DdQ=="
    }
  }
}
